// !$*UTF8*$!
{
	archiveVersion = 1;
	classes = {
	};
	objectVersion = 56;
	objects = {

/* Begin PBXBuildFile section */
		2E0D858C2B04EB82001E5CAF /* SearchBuildingViewController.swift in Sources */ = {isa = PBXBuildFile; fileRef = 2E0D858B2B04EB82001E5CAF /* SearchBuildingViewController.swift */; };
		2E0D858E2B04EB91001E5CAF /* SearchBuildingTapHeader.swift in Sources */ = {isa = PBXBuildFile; fileRef = 2E0D858D2B04EB91001E5CAF /* SearchBuildingTapHeader.swift */; };
		2E0D85902B04EB9C001E5CAF /* BuildingListCell.swift in Sources */ = {isa = PBXBuildFile; fileRef = 2E0D858F2B04EB9C001E5CAF /* BuildingListCell.swift */; };
		2E3542002AC2E7260011B3B2 /* SearchBar.swift in Sources */ = {isa = PBXBuildFile; fileRef = 2E3541FF2AC2E7260011B3B2 /* SearchBar.swift */; };
		2E3542022AC2EB080011B3B2 /* UIColor+CustomColor.swift in Sources */ = {isa = PBXBuildFile; fileRef = 2E3542012AC2EB080011B3B2 /* UIColor+CustomColor.swift */; };
		2E3542042AC2F1890011B3B2 /* UIView+addSubViews.swift in Sources */ = {isa = PBXBuildFile; fileRef = 2E3542032AC2F1890011B3B2 /* UIView+addSubViews.swift */; };
		2E3542062AC2F1B60011B3B2 /* UITextField+Attribute.swift in Sources */ = {isa = PBXBuildFile; fileRef = 2E3542052AC2F1B60011B3B2 /* UITextField+Attribute.swift */; };
		2E3542082AC2F1CB0011B3B2 /* UIView+Shadow.swift in Sources */ = {isa = PBXBuildFile; fileRef = 2E3542072AC2F1CB0011B3B2 /* UIView+Shadow.swift */; };
		2E35420A2AC2F1E20011B3B2 /* UIScreen.swift in Sources */ = {isa = PBXBuildFile; fileRef = 2E3542092AC2F1E20011B3B2 /* UIScreen.swift */; };
		2E384C682B07592C007838CF /* MainTabBarViewController.swift in Sources */ = {isa = PBXBuildFile; fileRef = 2E384C672B07592C007838CF /* MainTabBarViewController.swift */; };
		2E384C6F2B078FD4007838CF /* SignInViewController.swift in Sources */ = {isa = PBXBuildFile; fileRef = 2E384C6E2B078FD4007838CF /* SignInViewController.swift */; };
		2E49804E2ABF104200328F83 /* AppDelegate.swift in Sources */ = {isa = PBXBuildFile; fileRef = 2E49804D2ABF104200328F83 /* AppDelegate.swift */; };
		2E4980502ABF104200328F83 /* SceneDelegate.swift in Sources */ = {isa = PBXBuildFile; fileRef = 2E49804F2ABF104200328F83 /* SceneDelegate.swift */; };
		2E4980522ABF104200328F83 /* MapViewController.swift in Sources */ = {isa = PBXBuildFile; fileRef = 2E4980512ABF104200328F83 /* MapViewController.swift */; };
		2E4980572ABF104300328F83 /* Assets.xcassets in Resources */ = {isa = PBXBuildFile; fileRef = 2E4980562ABF104300328F83 /* Assets.xcassets */; };
		2E49805A2ABF104300328F83 /* LaunchScreen.storyboard in Resources */ = {isa = PBXBuildFile; fileRef = 2E4980582ABF104300328F83 /* LaunchScreen.storyboard */; };
		2E4980892ABF124700328F83 /* map_pinup_custom@3x.png in Resources */ = {isa = PBXBuildFile; fileRef = 2E4980642ABF124700328F83 /* map_pinup_custom@3x.png */; };
		2E49808A2ABF124700328F83 /* map_pin_custom.png in Resources */ = {isa = PBXBuildFile; fileRef = 2E4980652ABF124700328F83 /* map_pin_custom.png */; };
		2E49808B2ABF124700328F83 /* shadow_balloon.png in Resources */ = {isa = PBXBuildFile; fileRef = 2E4980662ABF124700328F83 /* shadow_balloon.png */; };
		2E49808C2ABF124700328F83 /* map_pinup.png in Resources */ = {isa = PBXBuildFile; fileRef = 2E4980672ABF124700328F83 /* map_pinup.png */; };
		2E49808D2ABF124700328F83 /* detail_button.png in Resources */ = {isa = PBXBuildFile; fileRef = 2E4980682ABF124700328F83 /* detail_button.png */; };
		2E49808E2ABF124700328F83 /* map_pin_custom@3x.png in Resources */ = {isa = PBXBuildFile; fileRef = 2E4980692ABF124700328F83 /* map_pin_custom@3x.png */; };
		2E49808F2ABF124700328F83 /* map_pinup@3x.png in Resources */ = {isa = PBXBuildFile; fileRef = 2E49806A2ABF124700328F83 /* map_pinup@3x.png */; };
		2E4980902ABF124700328F83 /* map_pin_shadow@3x.png in Resources */ = {isa = PBXBuildFile; fileRef = 2E49806B2ABF124700328F83 /* map_pin_shadow@3x.png */; };
		2E4980912ABF124700328F83 /* copyright.png in Resources */ = {isa = PBXBuildFile; fileRef = 2E49806C2ABF124700328F83 /* copyright.png */; };
		2E4980922ABF124700328F83 /* th_line.png in Resources */ = {isa = PBXBuildFile; fileRef = 2E49806D2ABF124700328F83 /* th_line.png */; };
		2E4980932ABF124700328F83 /* map_pin_red@3x.png in Resources */ = {isa = PBXBuildFile; fileRef = 2E49806E2ABF124700328F83 /* map_pin_red@3x.png */; };
		2E4980942ABF124700328F83 /* daum_copyright.png in Resources */ = {isa = PBXBuildFile; fileRef = 2E49806F2ABF124700328F83 /* daum_copyright.png */; };
		2E4980952ABF124700328F83 /* map_pin@3x.png in Resources */ = {isa = PBXBuildFile; fileRef = 2E4980702ABF124700328F83 /* map_pin@3x.png */; };
		2E4980962ABF124700328F83 /* map_present_tracking.png in Resources */ = {isa = PBXBuildFile; fileRef = 2E4980712ABF124700328F83 /* map_present_tracking.png */; };
		2E4980972ABF124700328F83 /* map_pin_red.png in Resources */ = {isa = PBXBuildFile; fileRef = 2E4980722ABF124700328F83 /* map_pin_red.png */; };
		2E4980982ABF124700328F83 /* info_box.png in Resources */ = {isa = PBXBuildFile; fileRef = 2E49807C2ABF124700328F83 /* info_box.png */; };
		2E4980992ABF124700328F83 /* point_sprite.png in Resources */ = {isa = PBXBuildFile; fileRef = 2E49807D2ABF124700328F83 /* point_sprite.png */; };
		2E49809A2ABF124700328F83 /* map_pinup_custom.png in Resources */ = {isa = PBXBuildFile; fileRef = 2E49807E2ABF124700328F83 /* map_pinup_custom.png */; };
		2E49809B2ABF124700328F83 /* info_box_tail.png in Resources */ = {isa = PBXBuildFile; fileRef = 2E49807F2ABF124700328F83 /* info_box_tail.png */; };
		2E49809C2ABF124700328F83 /* noimage256.png in Resources */ = {isa = PBXBuildFile; fileRef = 2E4980802ABF124700328F83 /* noimage256.png */; };
		2E49809D2ABF124700328F83 /* map_present_direction.png in Resources */ = {isa = PBXBuildFile; fileRef = 2E4980812ABF124700328F83 /* map_present_direction.png */; };
		2E49809E2ABF124700328F83 /* map_pin.png in Resources */ = {isa = PBXBuildFile; fileRef = 2E4980822ABF124700328F83 /* map_pin.png */; };
		2E49809F2ABF124700328F83 /* map_present.png in Resources */ = {isa = PBXBuildFile; fileRef = 2E4980832ABF124700328F83 /* map_present.png */; };
		2E4980A02ABF124700328F83 /* noimage.png in Resources */ = {isa = PBXBuildFile; fileRef = 2E4980842ABF124700328F83 /* noimage.png */; };
		2E4980A12ABF124700328F83 /* map_present_background_update.png in Resources */ = {isa = PBXBuildFile; fileRef = 2E4980852ABF124700328F83 /* map_present_background_update.png */; };
		2E4980A22ABF124700328F83 /* daum_th_line.png in Resources */ = {isa = PBXBuildFile; fileRef = 2E4980862ABF124700328F83 /* daum_th_line.png */; };
		2E4980A32ABF124700328F83 /* map_pin_shadow.png in Resources */ = {isa = PBXBuildFile; fileRef = 2E4980872ABF124700328F83 /* map_pin_shadow.png */; };
		2E4980A42ABF124700328F83 /* DaumMap.framework in Frameworks */ = {isa = PBXBuildFile; fileRef = 2E4980882ABF124700328F83 /* DaumMap.framework */; };
		2E4980A72ABF12E100328F83 /* Metal.framework in Frameworks */ = {isa = PBXBuildFile; fileRef = 2E4980A62ABF12E100328F83 /* Metal.framework */; };
		2E4980A92ABF131F00328F83 /* SystemConfiguration.framework in Frameworks */ = {isa = PBXBuildFile; fileRef = 2E4980A82ABF131F00328F83 /* SystemConfiguration.framework */; };
		2E4980AB2ABF132600328F83 /* CoreLocation.framework in Frameworks */ = {isa = PBXBuildFile; fileRef = 2E4980AA2ABF132600328F83 /* CoreLocation.framework */; };
		2E4980AD2ABF132C00328F83 /* QuartzCore.framework in Frameworks */ = {isa = PBXBuildFile; fileRef = 2E4980AC2ABF132C00328F83 /* QuartzCore.framework */; };
		2E4980B12ABF134500328F83 /* libsqlite3.tbd in Frameworks */ = {isa = PBXBuildFile; fileRef = 2E4980B02ABF134200328F83 /* libsqlite3.tbd */; };
		2E4980B22ABF134D00328F83 /* libc++.tbd in Frameworks */ = {isa = PBXBuildFile; fileRef = 2E4980AE2ABF133500328F83 /* libc++.tbd */; };
		2E4980B32ABF135300328F83 /* libxml2.tbd in Frameworks */ = {isa = PBXBuildFile; fileRef = 2E4980AF2ABF133B00328F83 /* libxml2.tbd */; };
		2E4980B62ABF136500328F83 /* SnapKit in Frameworks */ = {isa = PBXBuildFile; productRef = 2E4980B52ABF136500328F83 /* SnapKit */; };
		2E4980B92ABF137200328F83 /* Then in Frameworks */ = {isa = PBXBuildFile; productRef = 2E4980B82ABF137200328F83 /* Then */; };
		2E4980BC2ABF138000328F83 /* Kingfisher in Frameworks */ = {isa = PBXBuildFile; productRef = 2E4980BB2ABF138000328F83 /* Kingfisher */; };
		2E4980BF2ABF141600328F83 /* Alamofire in Frameworks */ = {isa = PBXBuildFile; productRef = 2E4980BE2ABF141600328F83 /* Alamofire */; };
		2E51EA3F2AC304F100AD0122 /* MapTabHeader.swift in Sources */ = {isa = PBXBuildFile; fileRef = 2E51EA3E2AC304F100AD0122 /* MapTabHeader.swift */; };
		2E57AF912B05E7620045234D /* MyPageViewController.swift in Sources */ = {isa = PBXBuildFile; fileRef = 2E57AF902B05E7620045234D /* MyPageViewController.swift */; };
		2E57AF932B05FCB10045234D /* UIButton+ScaleToSize.swift in Sources */ = {isa = PBXBuildFile; fileRef = 2E57AF922B05FCB10045234D /* UIButton+ScaleToSize.swift */; };
		2E58F2A82AFAA33C00067100 /* DGCharts in Frameworks */ = {isa = PBXBuildFile; productRef = 2E58F2A72AFAA33C00067100 /* DGCharts */; };
		2E6868112B038BDF0028FA7F /* BinStatusCircularProgressView.swift in Sources */ = {isa = PBXBuildFile; fileRef = 2E6868102B038BDF0028FA7F /* BinStatusCircularProgressView.swift */; };
		2E748E9E2AF2152F001993D6 /* BuildingDrawingsViewController.swift in Sources */ = {isa = PBXBuildFile; fileRef = 2E748E9D2AF2152F001993D6 /* BuildingDrawingsViewController.swift */; };
		2E748EA02AF21550001993D6 /* BuildingDrawingsTabHeader.swift in Sources */ = {isa = PBXBuildFile; fileRef = 2E748E9F2AF21550001993D6 /* BuildingDrawingsTabHeader.swift */; };
		2E8891E32AFA55FB007FF8EB /* BinInfoView.swift in Sources */ = {isa = PBXBuildFile; fileRef = 2E8891E22AFA55FB007FF8EB /* BinInfoView.swift */; };
		2E8891E82AFA6B12007FF8EB /* BinStatusViewController.swift in Sources */ = {isa = PBXBuildFile; fileRef = 2E8891E72AFA6B12007FF8EB /* BinStatusViewController.swift */; };
		2E8891EA2AFA6BC8007FF8EB /* BinStatusTabHeader.swift in Sources */ = {isa = PBXBuildFile; fileRef = 2E8891E92AFA6BC8007FF8EB /* BinStatusTabHeader.swift */; };
		2E8891EC2AFA896A007FF8EB /* UILabel+lineSpacing.swift in Sources */ = {isa = PBXBuildFile; fileRef = 2E8891EB2AFA896A007FF8EB /* UILabel+lineSpacing.swift */; };
		2E8A8DB42B0A61DE00808321 /* TrashcanAPIInput.swift in Sources */ = {isa = PBXBuildFile; fileRef = 2E8A8DB32B0A61DE00808321 /* TrashcanAPIInput.swift */; };
		2E8A8DB62B0A620900808321 /* TrashcanDataManager.swift in Sources */ = {isa = PBXBuildFile; fileRef = 2E8A8DB52B0A620900808321 /* TrashcanDataManager.swift */; };
		2E8A8DB82B0A622D00808321 /* TrashcanDataResponse.swift in Sources */ = {isa = PBXBuildFile; fileRef = 2E8A8DB72B0A622D00808321 /* TrashcanDataResponse.swift */; };
		2E8A8DBA2B0A623E00808321 /* TrashcanModel.swift in Sources */ = {isa = PBXBuildFile; fileRef = 2E8A8DB92B0A623E00808321 /* TrashcanModel.swift */; };
		2E8AFB1C2AC80416009DF241 /* MapBuildingInfoView.swift in Sources */ = {isa = PBXBuildFile; fileRef = 2E8AFB1B2AC80416009DF241 /* MapBuildingInfoView.swift */; };
		2EF40F6D2B08B0FB000E70C9 /* BuildingAPIInput.swift in Sources */ = {isa = PBXBuildFile; fileRef = 2EF40F6C2B08B0FB000E70C9 /* BuildingAPIInput.swift */; };
		2EF40F712B08B180000E70C9 /* BuildingDataManager.swift in Sources */ = {isa = PBXBuildFile; fileRef = 2EF40F702B08B180000E70C9 /* BuildingDataManager.swift */; };
		2EF40F732B08DAAD000E70C9 /* BuildingModel.swift in Sources */ = {isa = PBXBuildFile; fileRef = 2EF40F722B08DAAD000E70C9 /* BuildingModel.swift */; };
		2EF40F782B091C05000E70C9 /* BuildingDataResponse.swift in Sources */ = {isa = PBXBuildFile; fileRef = 2EF40F772B091C05000E70C9 /* BuildingDataResponse.swift */; };
/* End PBXBuildFile section */

/* Begin PBXFileReference section */
		2E0D858B2B04EB82001E5CAF /* SearchBuildingViewController.swift */ = {isa = PBXFileReference; lastKnownFileType = sourcecode.swift; path = SearchBuildingViewController.swift; sourceTree = "<group>"; };
		2E0D858D2B04EB91001E5CAF /* SearchBuildingTapHeader.swift */ = {isa = PBXFileReference; lastKnownFileType = sourcecode.swift; path = SearchBuildingTapHeader.swift; sourceTree = "<group>"; };
		2E0D858F2B04EB9C001E5CAF /* BuildingListCell.swift */ = {isa = PBXFileReference; lastKnownFileType = sourcecode.swift; path = BuildingListCell.swift; sourceTree = "<group>"; };
		2E3541FF2AC2E7260011B3B2 /* SearchBar.swift */ = {isa = PBXFileReference; lastKnownFileType = sourcecode.swift; path = SearchBar.swift; sourceTree = "<group>"; };
		2E3542012AC2EB080011B3B2 /* UIColor+CustomColor.swift */ = {isa = PBXFileReference; lastKnownFileType = sourcecode.swift; path = "UIColor+CustomColor.swift"; sourceTree = "<group>"; };
		2E3542032AC2F1890011B3B2 /* UIView+addSubViews.swift */ = {isa = PBXFileReference; lastKnownFileType = sourcecode.swift; path = "UIView+addSubViews.swift"; sourceTree = "<group>"; };
		2E3542052AC2F1B60011B3B2 /* UITextField+Attribute.swift */ = {isa = PBXFileReference; lastKnownFileType = sourcecode.swift; path = "UITextField+Attribute.swift"; sourceTree = "<group>"; };
		2E3542072AC2F1CB0011B3B2 /* UIView+Shadow.swift */ = {isa = PBXFileReference; lastKnownFileType = sourcecode.swift; path = "UIView+Shadow.swift"; sourceTree = "<group>"; };
		2E3542092AC2F1E20011B3B2 /* UIScreen.swift */ = {isa = PBXFileReference; lastKnownFileType = sourcecode.swift; path = UIScreen.swift; sourceTree = "<group>"; };
		2E384C672B07592C007838CF /* MainTabBarViewController.swift */ = {isa = PBXFileReference; lastKnownFileType = sourcecode.swift; path = MainTabBarViewController.swift; sourceTree = "<group>"; };
		2E384C6E2B078FD4007838CF /* SignInViewController.swift */ = {isa = PBXFileReference; lastKnownFileType = sourcecode.swift; path = SignInViewController.swift; sourceTree = "<group>"; };
		2E49804A2ABF104200328F83 /* BinManagement.app */ = {isa = PBXFileReference; explicitFileType = wrapper.application; includeInIndex = 0; path = BinManagement.app; sourceTree = BUILT_PRODUCTS_DIR; };
		2E49804D2ABF104200328F83 /* AppDelegate.swift */ = {isa = PBXFileReference; lastKnownFileType = sourcecode.swift; path = AppDelegate.swift; sourceTree = "<group>"; };
		2E49804F2ABF104200328F83 /* SceneDelegate.swift */ = {isa = PBXFileReference; lastKnownFileType = sourcecode.swift; path = SceneDelegate.swift; sourceTree = "<group>"; };
		2E4980512ABF104200328F83 /* MapViewController.swift */ = {isa = PBXFileReference; lastKnownFileType = sourcecode.swift; path = MapViewController.swift; sourceTree = "<group>"; };
		2E4980562ABF104300328F83 /* Assets.xcassets */ = {isa = PBXFileReference; lastKnownFileType = folder.assetcatalog; path = Assets.xcassets; sourceTree = "<group>"; };
		2E4980592ABF104300328F83 /* Base */ = {isa = PBXFileReference; lastKnownFileType = file.storyboard; name = Base; path = Base.lproj/LaunchScreen.storyboard; sourceTree = "<group>"; };
		2E49805B2ABF104300328F83 /* Info.plist */ = {isa = PBXFileReference; lastKnownFileType = text.plist.xml; path = Info.plist; sourceTree = "<group>"; };
		2E4980612ABF122700328F83 /* Kakao_Bridge_Header.h */ = {isa = PBXFileReference; lastKnownFileType = sourcecode.c.h; path = Kakao_Bridge_Header.h; sourceTree = "<group>"; };
		2E4980642ABF124700328F83 /* map_pinup_custom@3x.png */ = {isa = PBXFileReference; lastKnownFileType = image.png; path = "map_pinup_custom@3x.png"; sourceTree = "<group>"; };
		2E4980652ABF124700328F83 /* map_pin_custom.png */ = {isa = PBXFileReference; lastKnownFileType = image.png; path = map_pin_custom.png; sourceTree = "<group>"; };
		2E4980662ABF124700328F83 /* shadow_balloon.png */ = {isa = PBXFileReference; lastKnownFileType = image.png; path = shadow_balloon.png; sourceTree = "<group>"; };
		2E4980672ABF124700328F83 /* map_pinup.png */ = {isa = PBXFileReference; lastKnownFileType = image.png; path = map_pinup.png; sourceTree = "<group>"; };
		2E4980682ABF124700328F83 /* detail_button.png */ = {isa = PBXFileReference; lastKnownFileType = image.png; path = detail_button.png; sourceTree = "<group>"; };
		2E4980692ABF124700328F83 /* map_pin_custom@3x.png */ = {isa = PBXFileReference; lastKnownFileType = image.png; path = "map_pin_custom@3x.png"; sourceTree = "<group>"; };
		2E49806A2ABF124700328F83 /* map_pinup@3x.png */ = {isa = PBXFileReference; lastKnownFileType = image.png; path = "map_pinup@3x.png"; sourceTree = "<group>"; };
		2E49806B2ABF124700328F83 /* map_pin_shadow@3x.png */ = {isa = PBXFileReference; lastKnownFileType = image.png; path = "map_pin_shadow@3x.png"; sourceTree = "<group>"; };
		2E49806C2ABF124700328F83 /* copyright.png */ = {isa = PBXFileReference; lastKnownFileType = image.png; path = copyright.png; sourceTree = "<group>"; };
		2E49806D2ABF124700328F83 /* th_line.png */ = {isa = PBXFileReference; lastKnownFileType = image.png; path = th_line.png; sourceTree = "<group>"; };
		2E49806E2ABF124700328F83 /* map_pin_red@3x.png */ = {isa = PBXFileReference; lastKnownFileType = image.png; path = "map_pin_red@3x.png"; sourceTree = "<group>"; };
		2E49806F2ABF124700328F83 /* daum_copyright.png */ = {isa = PBXFileReference; lastKnownFileType = image.png; path = daum_copyright.png; sourceTree = "<group>"; };
		2E4980702ABF124700328F83 /* map_pin@3x.png */ = {isa = PBXFileReference; lastKnownFileType = image.png; path = "map_pin@3x.png"; sourceTree = "<group>"; };
		2E4980712ABF124700328F83 /* map_present_tracking.png */ = {isa = PBXFileReference; lastKnownFileType = image.png; path = map_present_tracking.png; sourceTree = "<group>"; };
		2E4980722ABF124700328F83 /* map_pin_red.png */ = {isa = PBXFileReference; lastKnownFileType = image.png; path = map_pin_red.png; sourceTree = "<group>"; };
		2E4980742ABF124700328F83 /* MTMapPOIItem.h */ = {isa = PBXFileReference; fileEncoding = 4; lastKnownFileType = sourcecode.c.h; path = MTMapPOIItem.h; sourceTree = "<group>"; };
		2E4980752ABF124700328F83 /* MTMapCameraUpdate.h */ = {isa = PBXFileReference; fileEncoding = 4; lastKnownFileType = sourcecode.c.h; path = MTMapCameraUpdate.h; sourceTree = "<group>"; };
		2E4980762ABF124700328F83 /* MTMapReverseGeoCoder.h */ = {isa = PBXFileReference; fileEncoding = 4; lastKnownFileType = sourcecode.c.h; path = MTMapReverseGeoCoder.h; sourceTree = "<group>"; };
		2E4980772ABF124700328F83 /* MTMapPolyline.h */ = {isa = PBXFileReference; fileEncoding = 4; lastKnownFileType = sourcecode.c.h; path = MTMapPolyline.h; sourceTree = "<group>"; };
		2E4980782ABF124700328F83 /* MTMapLocationMarkerItem.h */ = {isa = PBXFileReference; fileEncoding = 4; lastKnownFileType = sourcecode.c.h; path = MTMapLocationMarkerItem.h; sourceTree = "<group>"; };
		2E4980792ABF124700328F83 /* MTMapView.h */ = {isa = PBXFileReference; fileEncoding = 4; lastKnownFileType = sourcecode.c.h; path = MTMapView.h; sourceTree = "<group>"; };
		2E49807A2ABF124700328F83 /* MTMapGeometry.h */ = {isa = PBXFileReference; fileEncoding = 4; lastKnownFileType = sourcecode.c.h; path = MTMapGeometry.h; sourceTree = "<group>"; };
		2E49807B2ABF124700328F83 /* MTMapCircle.h */ = {isa = PBXFileReference; fileEncoding = 4; lastKnownFileType = sourcecode.c.h; path = MTMapCircle.h; sourceTree = "<group>"; };
		2E49807C2ABF124700328F83 /* info_box.png */ = {isa = PBXFileReference; lastKnownFileType = image.png; path = info_box.png; sourceTree = "<group>"; };
		2E49807D2ABF124700328F83 /* point_sprite.png */ = {isa = PBXFileReference; lastKnownFileType = image.png; path = point_sprite.png; sourceTree = "<group>"; };
		2E49807E2ABF124700328F83 /* map_pinup_custom.png */ = {isa = PBXFileReference; lastKnownFileType = image.png; path = map_pinup_custom.png; sourceTree = "<group>"; };
		2E49807F2ABF124700328F83 /* info_box_tail.png */ = {isa = PBXFileReference; lastKnownFileType = image.png; path = info_box_tail.png; sourceTree = "<group>"; };
		2E4980802ABF124700328F83 /* noimage256.png */ = {isa = PBXFileReference; lastKnownFileType = image.png; path = noimage256.png; sourceTree = "<group>"; };
		2E4980812ABF124700328F83 /* map_present_direction.png */ = {isa = PBXFileReference; lastKnownFileType = image.png; path = map_present_direction.png; sourceTree = "<group>"; };
		2E4980822ABF124700328F83 /* map_pin.png */ = {isa = PBXFileReference; lastKnownFileType = image.png; path = map_pin.png; sourceTree = "<group>"; };
		2E4980832ABF124700328F83 /* map_present.png */ = {isa = PBXFileReference; lastKnownFileType = image.png; path = map_present.png; sourceTree = "<group>"; };
		2E4980842ABF124700328F83 /* noimage.png */ = {isa = PBXFileReference; lastKnownFileType = image.png; path = noimage.png; sourceTree = "<group>"; };
		2E4980852ABF124700328F83 /* map_present_background_update.png */ = {isa = PBXFileReference; lastKnownFileType = image.png; path = map_present_background_update.png; sourceTree = "<group>"; };
		2E4980862ABF124700328F83 /* daum_th_line.png */ = {isa = PBXFileReference; lastKnownFileType = image.png; path = daum_th_line.png; sourceTree = "<group>"; };
		2E4980872ABF124700328F83 /* map_pin_shadow.png */ = {isa = PBXFileReference; lastKnownFileType = image.png; path = map_pin_shadow.png; sourceTree = "<group>"; };
		2E4980882ABF124700328F83 /* DaumMap.framework */ = {isa = PBXFileReference; lastKnownFileType = wrapper.framework; path = DaumMap.framework; sourceTree = "<group>"; };
		2E4980A62ABF12E100328F83 /* Metal.framework */ = {isa = PBXFileReference; lastKnownFileType = wrapper.framework; name = Metal.framework; path = System/Library/Frameworks/Metal.framework; sourceTree = SDKROOT; };
		2E4980A82ABF131F00328F83 /* SystemConfiguration.framework */ = {isa = PBXFileReference; lastKnownFileType = wrapper.framework; name = SystemConfiguration.framework; path = System/Library/Frameworks/SystemConfiguration.framework; sourceTree = SDKROOT; };
		2E4980AA2ABF132600328F83 /* CoreLocation.framework */ = {isa = PBXFileReference; lastKnownFileType = wrapper.framework; name = CoreLocation.framework; path = System/Library/Frameworks/CoreLocation.framework; sourceTree = SDKROOT; };
		2E4980AC2ABF132C00328F83 /* QuartzCore.framework */ = {isa = PBXFileReference; lastKnownFileType = wrapper.framework; name = QuartzCore.framework; path = System/Library/Frameworks/QuartzCore.framework; sourceTree = SDKROOT; };
		2E4980AE2ABF133500328F83 /* libc++.tbd */ = {isa = PBXFileReference; lastKnownFileType = "sourcecode.text-based-dylib-definition"; name = "libc++.tbd"; path = "usr/lib/libc++.tbd"; sourceTree = SDKROOT; };
		2E4980AF2ABF133B00328F83 /* libxml2.tbd */ = {isa = PBXFileReference; lastKnownFileType = "sourcecode.text-based-dylib-definition"; name = libxml2.tbd; path = usr/lib/libxml2.tbd; sourceTree = SDKROOT; };
		2E4980B02ABF134200328F83 /* libsqlite3.tbd */ = {isa = PBXFileReference; lastKnownFileType = "sourcecode.text-based-dylib-definition"; name = libsqlite3.tbd; path = usr/lib/libsqlite3.tbd; sourceTree = SDKROOT; };
		2E51EA3E2AC304F100AD0122 /* MapTabHeader.swift */ = {isa = PBXFileReference; lastKnownFileType = sourcecode.swift; path = MapTabHeader.swift; sourceTree = "<group>"; };
		2E57AF902B05E7620045234D /* MyPageViewController.swift */ = {isa = PBXFileReference; lastKnownFileType = sourcecode.swift; path = MyPageViewController.swift; sourceTree = "<group>"; };
		2E57AF922B05FCB10045234D /* UIButton+ScaleToSize.swift */ = {isa = PBXFileReference; lastKnownFileType = sourcecode.swift; path = "UIButton+ScaleToSize.swift"; sourceTree = "<group>"; };
		2E6868102B038BDF0028FA7F /* BinStatusCircularProgressView.swift */ = {isa = PBXFileReference; lastKnownFileType = sourcecode.swift; path = BinStatusCircularProgressView.swift; sourceTree = "<group>"; };
		2E748E9D2AF2152F001993D6 /* BuildingDrawingsViewController.swift */ = {isa = PBXFileReference; lastKnownFileType = sourcecode.swift; path = BuildingDrawingsViewController.swift; sourceTree = "<group>"; };
		2E748E9F2AF21550001993D6 /* BuildingDrawingsTabHeader.swift */ = {isa = PBXFileReference; lastKnownFileType = sourcecode.swift; path = BuildingDrawingsTabHeader.swift; sourceTree = "<group>"; };
		2E8891E22AFA55FB007FF8EB /* BinInfoView.swift */ = {isa = PBXFileReference; lastKnownFileType = sourcecode.swift; path = BinInfoView.swift; sourceTree = "<group>"; };
		2E8891E72AFA6B12007FF8EB /* BinStatusViewController.swift */ = {isa = PBXFileReference; lastKnownFileType = sourcecode.swift; path = BinStatusViewController.swift; sourceTree = "<group>"; };
		2E8891E92AFA6BC8007FF8EB /* BinStatusTabHeader.swift */ = {isa = PBXFileReference; lastKnownFileType = sourcecode.swift; path = BinStatusTabHeader.swift; sourceTree = "<group>"; };
		2E8891EB2AFA896A007FF8EB /* UILabel+lineSpacing.swift */ = {isa = PBXFileReference; lastKnownFileType = sourcecode.swift; path = "UILabel+lineSpacing.swift"; sourceTree = "<group>"; };
		2E8A8DB32B0A61DE00808321 /* TrashcanAPIInput.swift */ = {isa = PBXFileReference; lastKnownFileType = sourcecode.swift; path = TrashcanAPIInput.swift; sourceTree = "<group>"; };
		2E8A8DB52B0A620900808321 /* TrashcanDataManager.swift */ = {isa = PBXFileReference; lastKnownFileType = sourcecode.swift; path = TrashcanDataManager.swift; sourceTree = "<group>"; };
		2E8A8DB72B0A622D00808321 /* TrashcanDataResponse.swift */ = {isa = PBXFileReference; lastKnownFileType = sourcecode.swift; path = TrashcanDataResponse.swift; sourceTree = "<group>"; };
		2E8A8DB92B0A623E00808321 /* TrashcanModel.swift */ = {isa = PBXFileReference; lastKnownFileType = sourcecode.swift; path = TrashcanModel.swift; sourceTree = "<group>"; };
		2E8AFB1B2AC80416009DF241 /* MapBuildingInfoView.swift */ = {isa = PBXFileReference; lastKnownFileType = sourcecode.swift; path = MapBuildingInfoView.swift; sourceTree = "<group>"; };
		2EF40F6C2B08B0FB000E70C9 /* BuildingAPIInput.swift */ = {isa = PBXFileReference; lastKnownFileType = sourcecode.swift; path = BuildingAPIInput.swift; sourceTree = "<group>"; };
		2EF40F702B08B180000E70C9 /* BuildingDataManager.swift */ = {isa = PBXFileReference; lastKnownFileType = sourcecode.swift; path = BuildingDataManager.swift; sourceTree = "<group>"; };
		2EF40F722B08DAAD000E70C9 /* BuildingModel.swift */ = {isa = PBXFileReference; lastKnownFileType = sourcecode.swift; path = BuildingModel.swift; sourceTree = "<group>"; };
		2EF40F772B091C05000E70C9 /* BuildingDataResponse.swift */ = {isa = PBXFileReference; lastKnownFileType = sourcecode.swift; path = BuildingDataResponse.swift; sourceTree = "<group>"; };
/* End PBXFileReference section */

/* Begin PBXFrameworksBuildPhase section */
		2E4980472ABF104200328F83 /* Frameworks */ = {
			isa = PBXFrameworksBuildPhase;
			buildActionMask = 2147483647;
			files = (
				2E58F2A82AFAA33C00067100 /* DGCharts in Frameworks */,
				2E4980B12ABF134500328F83 /* libsqlite3.tbd in Frameworks */,
				2E4980B22ABF134D00328F83 /* libc++.tbd in Frameworks */,
				2E4980AD2ABF132C00328F83 /* QuartzCore.framework in Frameworks */,
				2E4980AB2ABF132600328F83 /* CoreLocation.framework in Frameworks */,
				2E4980A72ABF12E100328F83 /* Metal.framework in Frameworks */,
				2E4980B92ABF137200328F83 /* Then in Frameworks */,
				2E4980B32ABF135300328F83 /* libxml2.tbd in Frameworks */,
				2E4980B62ABF136500328F83 /* SnapKit in Frameworks */,
				2E4980BC2ABF138000328F83 /* Kingfisher in Frameworks */,
				2E4980BF2ABF141600328F83 /* Alamofire in Frameworks */,
				2E4980A92ABF131F00328F83 /* SystemConfiguration.framework in Frameworks */,
				2E4980A42ABF124700328F83 /* DaumMap.framework in Frameworks */,
			);
			runOnlyForDeploymentPostprocessing = 0;
		};
/* End PBXFrameworksBuildPhase section */

/* Begin PBXGroup section */
		2E0D85882B04EB64001E5CAF /* SearchBuilding */ = {
			isa = PBXGroup;
			children = (
				2E0D858A2B04EB73001E5CAF /* ViewController */,
				2E0D85892B04EB6F001E5CAF /* View */,
			);
			path = SearchBuilding;
			sourceTree = "<group>";
		};
		2E0D85892B04EB6F001E5CAF /* View */ = {
			isa = PBXGroup;
			children = (
				2E0D858D2B04EB91001E5CAF /* SearchBuildingTapHeader.swift */,
				2E0D858F2B04EB9C001E5CAF /* BuildingListCell.swift */,
			);
			path = View;
			sourceTree = "<group>";
		};
		2E0D858A2B04EB73001E5CAF /* ViewController */ = {
			isa = PBXGroup;
			children = (
				2E0D858B2B04EB82001E5CAF /* SearchBuildingViewController.swift */,
			);
			path = ViewController;
			sourceTree = "<group>";
		};
		2E3541F72AC2DE240011B3B2 /* Map */ = {
			isa = PBXGroup;
			children = (
				2E3541FC2AC2E1F70011B3B2 /* ViewController */,
				2E3541FB2AC2E1F10011B3B2 /* View */,
			);
			path = Map;
			sourceTree = "<group>";
		};
		2E3541F82AC2DE4B0011B3B2 /* Resource */ = {
			isa = PBXGroup;
			children = (
				2E4980562ABF104300328F83 /* Assets.xcassets */,
			);
			path = Resource;
			sourceTree = "<group>";
		};
		2E3541FA2AC2E1DB0011B3B2 /* Source */ = {
			isa = PBXGroup;
			children = (
				2EF40F762B08FF71000E70C9 /* DataManager */,
				2E384C6C2B078EAB007838CF /* SignIn */,
				2E384C652B07590F007838CF /* TabBar */,
				2E57AF8D2B05E73D0045234D /* MyPage */,
				2E0D85882B04EB64001E5CAF /* SearchBuilding */,
				2E8891E42AFA6AE7007FF8EB /* BinStatus */,
				2E748E9A2AF214D6001993D6 /* BuildingDrawings */,
				2E3541F72AC2DE240011B3B2 /* Map */,
			);
			path = Source;
			sourceTree = "<group>";
		};
		2E3541FB2AC2E1F10011B3B2 /* View */ = {
			isa = PBXGroup;
			children = (
				2E51EA3E2AC304F100AD0122 /* MapTabHeader.swift */,
				2E8AFB1B2AC80416009DF241 /* MapBuildingInfoView.swift */,
			);
			path = View;
			sourceTree = "<group>";
		};
		2E3541FC2AC2E1F70011B3B2 /* ViewController */ = {
			isa = PBXGroup;
			children = (
				2E4980512ABF104200328F83 /* MapViewController.swift */,
			);
			path = ViewController;
			sourceTree = "<group>";
		};
		2E3541FD2AC2E53B0011B3B2 /* Common */ = {
			isa = PBXGroup;
			children = (
				2E3541FE2AC2E55C0011B3B2 /* View */,
			);
			path = Common;
			sourceTree = "<group>";
		};
		2E3541FE2AC2E55C0011B3B2 /* View */ = {
			isa = PBXGroup;
			children = (
				2E3541FF2AC2E7260011B3B2 /* SearchBar.swift */,
			);
			path = View;
			sourceTree = "<group>";
		};
		2E384C652B07590F007838CF /* TabBar */ = {
			isa = PBXGroup;
			children = (
				2E384C662B075919007838CF /* ViewController */,
			);
			path = TabBar;
			sourceTree = "<group>";
		};
		2E384C662B075919007838CF /* ViewController */ = {
			isa = PBXGroup;
			children = (
				2E384C672B07592C007838CF /* MainTabBarViewController.swift */,
			);
			path = ViewController;
			sourceTree = "<group>";
		};
		2E384C6C2B078EAB007838CF /* SignIn */ = {
			isa = PBXGroup;
			children = (
				2E384C6D2B078EB1007838CF /* ViewController */,
			);
			path = SignIn;
			sourceTree = "<group>";
		};
		2E384C6D2B078EB1007838CF /* ViewController */ = {
			isa = PBXGroup;
			children = (
				2E384C6E2B078FD4007838CF /* SignInViewController.swift */,
			);
			path = ViewController;
			sourceTree = "<group>";
		};
		2E40CED32AC1A41000E4676F /* Extension */ = {
			isa = PBXGroup;
			children = (
				2E3542012AC2EB080011B3B2 /* UIColor+CustomColor.swift */,
				2E3542032AC2F1890011B3B2 /* UIView+addSubViews.swift */,
				2E3542052AC2F1B60011B3B2 /* UITextField+Attribute.swift */,
				2E3542072AC2F1CB0011B3B2 /* UIView+Shadow.swift */,
				2E3542092AC2F1E20011B3B2 /* UIScreen.swift */,
				2E8891EB2AFA896A007FF8EB /* UILabel+lineSpacing.swift */,
				2E57AF922B05FCB10045234D /* UIButton+ScaleToSize.swift */,
			);
			path = Extension;
			sourceTree = "<group>";
		};
		2E4980412ABF104200328F83 = {
			isa = PBXGroup;
			children = (
				2E49804C2ABF104200328F83 /* BinManagement */,
				2E49804B2ABF104200328F83 /* Products */,
				2E4980A52ABF12E000328F83 /* Frameworks */,
			);
			sourceTree = "<group>";
		};
		2E49804B2ABF104200328F83 /* Products */ = {
			isa = PBXGroup;
			children = (
				2E49804A2ABF104200328F83 /* BinManagement.app */,
			);
			name = Products;
			sourceTree = "<group>";
		};
		2E49804C2ABF104200328F83 /* BinManagement */ = {
			isa = PBXGroup;
			children = (
				2E49805B2ABF104300328F83 /* Info.plist */,
				2E4980582ABF104300328F83 /* LaunchScreen.storyboard */,
				2E4980612ABF122700328F83 /* Kakao_Bridge_Header.h */,
				2E4980622ABF124700328F83 /* DaumMap.embeddedframework */,
				2E49804D2ABF104200328F83 /* AppDelegate.swift */,
				2E49804F2ABF104200328F83 /* SceneDelegate.swift */,
				2E3541FA2AC2E1DB0011B3B2 /* Source */,
				2E3541FD2AC2E53B0011B3B2 /* Common */,
				2E3541F82AC2DE4B0011B3B2 /* Resource */,
				2E40CED32AC1A41000E4676F /* Extension */,
			);
			path = BinManagement;
			sourceTree = "<group>";
		};
		2E4980622ABF124700328F83 /* DaumMap.embeddedframework */ = {
			isa = PBXGroup;
			children = (
				2E4980632ABF124700328F83 /* Resources */,
				2E4980882ABF124700328F83 /* DaumMap.framework */,
			);
			path = DaumMap.embeddedframework;
			sourceTree = "<group>";
		};
		2E4980632ABF124700328F83 /* Resources */ = {
			isa = PBXGroup;
			children = (
				2E4980642ABF124700328F83 /* map_pinup_custom@3x.png */,
				2E4980652ABF124700328F83 /* map_pin_custom.png */,
				2E4980662ABF124700328F83 /* shadow_balloon.png */,
				2E4980672ABF124700328F83 /* map_pinup.png */,
				2E4980682ABF124700328F83 /* detail_button.png */,
				2E4980692ABF124700328F83 /* map_pin_custom@3x.png */,
				2E49806A2ABF124700328F83 /* map_pinup@3x.png */,
				2E49806B2ABF124700328F83 /* map_pin_shadow@3x.png */,
				2E49806C2ABF124700328F83 /* copyright.png */,
				2E49806D2ABF124700328F83 /* th_line.png */,
				2E49806E2ABF124700328F83 /* map_pin_red@3x.png */,
				2E49806F2ABF124700328F83 /* daum_copyright.png */,
				2E4980702ABF124700328F83 /* map_pin@3x.png */,
				2E4980712ABF124700328F83 /* map_present_tracking.png */,
				2E4980722ABF124700328F83 /* map_pin_red.png */,
				2E4980732ABF124700328F83 /* Headers */,
				2E49807C2ABF124700328F83 /* info_box.png */,
				2E49807D2ABF124700328F83 /* point_sprite.png */,
				2E49807E2ABF124700328F83 /* map_pinup_custom.png */,
				2E49807F2ABF124700328F83 /* info_box_tail.png */,
				2E4980802ABF124700328F83 /* noimage256.png */,
				2E4980812ABF124700328F83 /* map_present_direction.png */,
				2E4980822ABF124700328F83 /* map_pin.png */,
				2E4980832ABF124700328F83 /* map_present.png */,
				2E4980842ABF124700328F83 /* noimage.png */,
				2E4980852ABF124700328F83 /* map_present_background_update.png */,
				2E4980862ABF124700328F83 /* daum_th_line.png */,
				2E4980872ABF124700328F83 /* map_pin_shadow.png */,
			);
			path = Resources;
			sourceTree = "<group>";
		};
		2E4980732ABF124700328F83 /* Headers */ = {
			isa = PBXGroup;
			children = (
				2E4980742ABF124700328F83 /* MTMapPOIItem.h */,
				2E4980752ABF124700328F83 /* MTMapCameraUpdate.h */,
				2E4980762ABF124700328F83 /* MTMapReverseGeoCoder.h */,
				2E4980772ABF124700328F83 /* MTMapPolyline.h */,
				2E4980782ABF124700328F83 /* MTMapLocationMarkerItem.h */,
				2E4980792ABF124700328F83 /* MTMapView.h */,
				2E49807A2ABF124700328F83 /* MTMapGeometry.h */,
				2E49807B2ABF124700328F83 /* MTMapCircle.h */,
			);
			path = Headers;
			sourceTree = "<group>";
		};
		2E4980A52ABF12E000328F83 /* Frameworks */ = {
			isa = PBXGroup;
			children = (
				2E4980B02ABF134200328F83 /* libsqlite3.tbd */,
				2E4980AF2ABF133B00328F83 /* libxml2.tbd */,
				2E4980AE2ABF133500328F83 /* libc++.tbd */,
				2E4980AC2ABF132C00328F83 /* QuartzCore.framework */,
				2E4980AA2ABF132600328F83 /* CoreLocation.framework */,
				2E4980A82ABF131F00328F83 /* SystemConfiguration.framework */,
				2E4980A62ABF12E100328F83 /* Metal.framework */,
			);
			name = Frameworks;
			sourceTree = "<group>";
		};
		2E57AF8D2B05E73D0045234D /* MyPage */ = {
			isa = PBXGroup;
			children = (
				2E57AF8F2B05E7540045234D /* ViewController */,
			);
			path = MyPage;
			sourceTree = "<group>";
		};
		2E57AF8F2B05E7540045234D /* ViewController */ = {
			isa = PBXGroup;
			children = (
				2E57AF902B05E7620045234D /* MyPageViewController.swift */,
			);
			path = ViewController;
			sourceTree = "<group>";
		};
		2E748E9A2AF214D6001993D6 /* BuildingDrawings */ = {
			isa = PBXGroup;
			children = (
				2E748E9B2AF21501001993D6 /* ViewController */,
				2E748E9C2AF21507001993D6 /* View */,
			);
			path = BuildingDrawings;
			sourceTree = "<group>";
		};
		2E748E9B2AF21501001993D6 /* ViewController */ = {
			isa = PBXGroup;
			children = (
				2E748E9D2AF2152F001993D6 /* BuildingDrawingsViewController.swift */,
			);
			path = ViewController;
			sourceTree = "<group>";
		};
		2E748E9C2AF21507001993D6 /* View */ = {
			isa = PBXGroup;
			children = (
				2E748E9F2AF21550001993D6 /* BuildingDrawingsTabHeader.swift */,
				2E8891E22AFA55FB007FF8EB /* BinInfoView.swift */,
			);
			path = View;
			sourceTree = "<group>";
		};
		2E8891E42AFA6AE7007FF8EB /* BinStatus */ = {
			isa = PBXGroup;
			children = (
				2E8891E62AFA6B00007FF8EB /* ViewController */,
				2E8891E52AFA6AFD007FF8EB /* View */,
			);
			path = BinStatus;
			sourceTree = "<group>";
		};
		2E8891E52AFA6AFD007FF8EB /* View */ = {
			isa = PBXGroup;
			children = (
				2E8891E92AFA6BC8007FF8EB /* BinStatusTabHeader.swift */,
				2E6868102B038BDF0028FA7F /* BinStatusCircularProgressView.swift */,
			);
			path = View;
			sourceTree = "<group>";
		};
		2E8891E62AFA6B00007FF8EB /* ViewController */ = {
			isa = PBXGroup;
			children = (
				2E8891E72AFA6B12007FF8EB /* BinStatusViewController.swift */,
			);
			path = ViewController;
			sourceTree = "<group>";
		};
		2E8A8DB22B0A61C500808321 /* TrashcanDataManager */ = {
			isa = PBXGroup;
			children = (
				2E8A8DB32B0A61DE00808321 /* TrashcanAPIInput.swift */,
				2E8A8DB52B0A620900808321 /* TrashcanDataManager.swift */,
				2E8A8DB72B0A622D00808321 /* TrashcanDataResponse.swift */,
				2E8A8DB92B0A623E00808321 /* TrashcanModel.swift */,
			);
			path = TrashcanDataManager;
			sourceTree = "<group>";
		};
		2EF40F6B2B08AF18000E70C9 /* BuildingDataManager */ = {
			isa = PBXGroup;
			children = (
				2EF40F6C2B08B0FB000E70C9 /* BuildingAPIInput.swift */,
				2EF40F702B08B180000E70C9 /* BuildingDataManager.swift */,
				2EF40F722B08DAAD000E70C9 /* BuildingModel.swift */,
				2EF40F772B091C05000E70C9 /* BuildingDataResponse.swift */,
			);
			path = BuildingDataManager;
			sourceTree = "<group>";
		};
		2EF40F742B08FD67000E70C9 /* BinDataManager */ = {
			isa = PBXGroup;
			children = (
			);
			path = BinDataManager;
			sourceTree = "<group>";
		};
		2EF40F752B08FD7A000E70C9 /* UserDataManager */ = {
			isa = PBXGroup;
			children = (
			);
			path = UserDataManager;
			sourceTree = "<group>";
		};
		2EF40F762B08FF71000E70C9 /* DataManager */ = {
			isa = PBXGroup;
			children = (
				2E8A8DB22B0A61C500808321 /* TrashcanDataManager */,
				2EF40F6B2B08AF18000E70C9 /* BuildingDataManager */,
				2EF40F742B08FD67000E70C9 /* BinDataManager */,
				2EF40F752B08FD7A000E70C9 /* UserDataManager */,
			);
			path = DataManager;
			sourceTree = "<group>";
		};
/* End PBXGroup section */

/* Begin PBXNativeTarget section */
		2E4980492ABF104200328F83 /* BinManagement */ = {
			isa = PBXNativeTarget;
			buildConfigurationList = 2E49805E2ABF104300328F83 /* Build configuration list for PBXNativeTarget "BinManagement" */;
			buildPhases = (
				2E4980462ABF104200328F83 /* Sources */,
				2E4980472ABF104200328F83 /* Frameworks */,
				2E4980482ABF104200328F83 /* Resources */,
			);
			buildRules = (
			);
			dependencies = (
			);
			name = BinManagement;
			packageProductDependencies = (
				2E4980B52ABF136500328F83 /* SnapKit */,
				2E4980B82ABF137200328F83 /* Then */,
				2E4980BB2ABF138000328F83 /* Kingfisher */,
				2E4980BE2ABF141600328F83 /* Alamofire */,
				2E58F2A72AFAA33C00067100 /* DGCharts */,
			);
			productName = BinManagement;
			productReference = 2E49804A2ABF104200328F83 /* BinManagement.app */;
			productType = "com.apple.product-type.application";
		};
/* End PBXNativeTarget section */

/* Begin PBXProject section */
		2E4980422ABF104200328F83 /* Project object */ = {
			isa = PBXProject;
			attributes = {
				BuildIndependentTargetsInParallel = 1;
				LastSwiftUpdateCheck = 1430;
				LastUpgradeCheck = 1430;
				TargetAttributes = {
					2E4980492ABF104200328F83 = {
						CreatedOnToolsVersion = 14.3.1;
					};
				};
			};
			buildConfigurationList = 2E4980452ABF104200328F83 /* Build configuration list for PBXProject "BinManagement" */;
			compatibilityVersion = "Xcode 14.0";
			developmentRegion = en;
			hasScannedForEncodings = 0;
			knownRegions = (
				en,
				Base,
			);
			mainGroup = 2E4980412ABF104200328F83;
			packageReferences = (
				2E4980B42ABF136500328F83 /* XCRemoteSwiftPackageReference "SnapKit" */,
				2E4980B72ABF137200328F83 /* XCRemoteSwiftPackageReference "Then" */,
				2E4980BA2ABF138000328F83 /* XCRemoteSwiftPackageReference "Kingfisher" */,
				2E4980BD2ABF141600328F83 /* XCRemoteSwiftPackageReference "Alamofire" */,
				2E58F2A62AFAA33C00067100 /* XCRemoteSwiftPackageReference "Charts" */,
			);
			productRefGroup = 2E49804B2ABF104200328F83 /* Products */;
			projectDirPath = "";
			projectRoot = "";
			targets = (
				2E4980492ABF104200328F83 /* BinManagement */,
			);
		};
/* End PBXProject section */

/* Begin PBXResourcesBuildPhase section */
		2E4980482ABF104200328F83 /* Resources */ = {
			isa = PBXResourcesBuildPhase;
			buildActionMask = 2147483647;
			files = (
				2E49809B2ABF124700328F83 /* info_box_tail.png in Resources */,
				2E4980902ABF124700328F83 /* map_pin_shadow@3x.png in Resources */,
				2E49809E2ABF124700328F83 /* map_pin.png in Resources */,
				2E4980972ABF124700328F83 /* map_pin_red.png in Resources */,
				2E49808F2ABF124700328F83 /* map_pinup@3x.png in Resources */,
				2E4980992ABF124700328F83 /* point_sprite.png in Resources */,
				2E4980952ABF124700328F83 /* map_pin@3x.png in Resources */,
				2E49809C2ABF124700328F83 /* noimage256.png in Resources */,
				2E49809F2ABF124700328F83 /* map_present.png in Resources */,
				2E4980942ABF124700328F83 /* daum_copyright.png in Resources */,
				2E4980912ABF124700328F83 /* copyright.png in Resources */,
				2E49808B2ABF124700328F83 /* shadow_balloon.png in Resources */,
				2E49808E2ABF124700328F83 /* map_pin_custom@3x.png in Resources */,
				2E4980922ABF124700328F83 /* th_line.png in Resources */,
				2E49809A2ABF124700328F83 /* map_pinup_custom.png in Resources */,
				2E49805A2ABF104300328F83 /* LaunchScreen.storyboard in Resources */,
				2E4980A22ABF124700328F83 /* daum_th_line.png in Resources */,
				2E4980892ABF124700328F83 /* map_pinup_custom@3x.png in Resources */,
				2E4980572ABF104300328F83 /* Assets.xcassets in Resources */,
				2E4980962ABF124700328F83 /* map_present_tracking.png in Resources */,
				2E4980A32ABF124700328F83 /* map_pin_shadow.png in Resources */,
				2E49809D2ABF124700328F83 /* map_present_direction.png in Resources */,
				2E4980A12ABF124700328F83 /* map_present_background_update.png in Resources */,
				2E49808D2ABF124700328F83 /* detail_button.png in Resources */,
				2E4980932ABF124700328F83 /* map_pin_red@3x.png in Resources */,
				2E4980A02ABF124700328F83 /* noimage.png in Resources */,
				2E4980982ABF124700328F83 /* info_box.png in Resources */,
				2E49808A2ABF124700328F83 /* map_pin_custom.png in Resources */,
				2E49808C2ABF124700328F83 /* map_pinup.png in Resources */,
			);
			runOnlyForDeploymentPostprocessing = 0;
		};
/* End PBXResourcesBuildPhase section */

/* Begin PBXSourcesBuildPhase section */
		2E4980462ABF104200328F83 /* Sources */ = {
			isa = PBXSourcesBuildPhase;
			buildActionMask = 2147483647;
			files = (
				2E8891EC2AFA896A007FF8EB /* UILabel+lineSpacing.swift in Sources */,
				2E8891EA2AFA6BC8007FF8EB /* BinStatusTabHeader.swift in Sources */,
				2EF40F782B091C05000E70C9 /* BuildingDataResponse.swift in Sources */,
				2E3542082AC2F1CB0011B3B2 /* UIView+Shadow.swift in Sources */,
				2EF40F712B08B180000E70C9 /* BuildingDataManager.swift in Sources */,
				2E4980522ABF104200328F83 /* MapViewController.swift in Sources */,
				2E8A8DB82B0A622D00808321 /* TrashcanDataResponse.swift in Sources */,
				2E3542002AC2E7260011B3B2 /* SearchBar.swift in Sources */,
				2E3542042AC2F1890011B3B2 /* UIView+addSubViews.swift in Sources */,
				2E35420A2AC2F1E20011B3B2 /* UIScreen.swift in Sources */,
				2E49804E2ABF104200328F83 /* AppDelegate.swift in Sources */,
				2E57AF932B05FCB10045234D /* UIButton+ScaleToSize.swift in Sources */,
				2E384C682B07592C007838CF /* MainTabBarViewController.swift in Sources */,
				2E3542062AC2F1B60011B3B2 /* UITextField+Attribute.swift in Sources */,
				2EF40F732B08DAAD000E70C9 /* BuildingModel.swift in Sources */,
				2E748E9E2AF2152F001993D6 /* BuildingDrawingsViewController.swift in Sources */,
				2E51EA3F2AC304F100AD0122 /* MapTabHeader.swift in Sources */,
				2E6868112B038BDF0028FA7F /* BinStatusCircularProgressView.swift in Sources */,
				2E0D85902B04EB9C001E5CAF /* BuildingListCell.swift in Sources */,
				2E0D858C2B04EB82001E5CAF /* SearchBuildingViewController.swift in Sources */,
				2E8A8DBA2B0A623E00808321 /* TrashcanModel.swift in Sources */,
				2E8891E82AFA6B12007FF8EB /* BinStatusViewController.swift in Sources */,
				2E384C6F2B078FD4007838CF /* SignInViewController.swift in Sources */,
				2E8891E32AFA55FB007FF8EB /* BinInfoView.swift in Sources */,
				2EF40F6D2B08B0FB000E70C9 /* BuildingAPIInput.swift in Sources */,
				2E8A8DB42B0A61DE00808321 /* TrashcanAPIInput.swift in Sources */,
				2E748EA02AF21550001993D6 /* BuildingDrawingsTabHeader.swift in Sources */,
				2E57AF912B05E7620045234D /* MyPageViewController.swift in Sources */,
				2E3542022AC2EB080011B3B2 /* UIColor+CustomColor.swift in Sources */,
				2E4980502ABF104200328F83 /* SceneDelegate.swift in Sources */,
				2E8A8DB62B0A620900808321 /* TrashcanDataManager.swift in Sources */,
				2E0D858E2B04EB91001E5CAF /* SearchBuildingTapHeader.swift in Sources */,
				2E8AFB1C2AC80416009DF241 /* MapBuildingInfoView.swift in Sources */,
			);
			runOnlyForDeploymentPostprocessing = 0;
		};
/* End PBXSourcesBuildPhase section */

/* Begin PBXVariantGroup section */
		2E4980582ABF104300328F83 /* LaunchScreen.storyboard */ = {
			isa = PBXVariantGroup;
			children = (
				2E4980592ABF104300328F83 /* Base */,
			);
			name = LaunchScreen.storyboard;
			sourceTree = "<group>";
		};
/* End PBXVariantGroup section */

/* Begin XCBuildConfiguration section */
		2E49805C2ABF104300328F83 /* Debug */ = {
			isa = XCBuildConfiguration;
			buildSettings = {
				ALWAYS_SEARCH_USER_PATHS = NO;
				CLANG_ANALYZER_NONNULL = YES;
				CLANG_ANALYZER_NUMBER_OBJECT_CONVERSION = YES_AGGRESSIVE;
				CLANG_CXX_LANGUAGE_STANDARD = "gnu++20";
				CLANG_ENABLE_MODULES = YES;
				CLANG_ENABLE_OBJC_ARC = YES;
				CLANG_ENABLE_OBJC_WEAK = YES;
				CLANG_WARN_BLOCK_CAPTURE_AUTORELEASING = YES;
				CLANG_WARN_BOOL_CONVERSION = YES;
				CLANG_WARN_COMMA = YES;
				CLANG_WARN_CONSTANT_CONVERSION = YES;
				CLANG_WARN_DEPRECATED_OBJC_IMPLEMENTATIONS = YES;
				CLANG_WARN_DIRECT_OBJC_ISA_USAGE = YES_ERROR;
				CLANG_WARN_DOCUMENTATION_COMMENTS = YES;
				CLANG_WARN_EMPTY_BODY = YES;
				CLANG_WARN_ENUM_CONVERSION = YES;
				CLANG_WARN_INFINITE_RECURSION = YES;
				CLANG_WARN_INT_CONVERSION = YES;
				CLANG_WARN_NON_LITERAL_NULL_CONVERSION = YES;
				CLANG_WARN_OBJC_IMPLICIT_RETAIN_SELF = YES;
				CLANG_WARN_OBJC_LITERAL_CONVERSION = YES;
				CLANG_WARN_OBJC_ROOT_CLASS = YES_ERROR;
				CLANG_WARN_QUOTED_INCLUDE_IN_FRAMEWORK_HEADER = YES;
				CLANG_WARN_RANGE_LOOP_ANALYSIS = YES;
				CLANG_WARN_STRICT_PROTOTYPES = YES;
				CLANG_WARN_SUSPICIOUS_MOVE = YES;
				CLANG_WARN_UNGUARDED_AVAILABILITY = YES_AGGRESSIVE;
				CLANG_WARN_UNREACHABLE_CODE = YES;
				CLANG_WARN__DUPLICATE_METHOD_MATCH = YES;
				COPY_PHASE_STRIP = NO;
				DEBUG_INFORMATION_FORMAT = dwarf;
				ENABLE_STRICT_OBJC_MSGSEND = YES;
				ENABLE_TESTABILITY = YES;
				GCC_C_LANGUAGE_STANDARD = gnu11;
				GCC_DYNAMIC_NO_PIC = NO;
				GCC_NO_COMMON_BLOCKS = YES;
				GCC_OPTIMIZATION_LEVEL = 0;
				GCC_PREPROCESSOR_DEFINITIONS = (
					"DEBUG=1",
					"$(inherited)",
				);
				GCC_WARN_64_TO_32_BIT_CONVERSION = YES;
				GCC_WARN_ABOUT_RETURN_TYPE = YES_ERROR;
				GCC_WARN_UNDECLARED_SELECTOR = YES;
				GCC_WARN_UNINITIALIZED_AUTOS = YES_AGGRESSIVE;
				GCC_WARN_UNUSED_FUNCTION = YES;
				GCC_WARN_UNUSED_VARIABLE = YES;
				IPHONEOS_DEPLOYMENT_TARGET = 16.4;
				MTL_ENABLE_DEBUG_INFO = INCLUDE_SOURCE;
				MTL_FAST_MATH = YES;
				ONLY_ACTIVE_ARCH = YES;
				SDKROOT = iphoneos;
				SWIFT_ACTIVE_COMPILATION_CONDITIONS = DEBUG;
				SWIFT_OPTIMIZATION_LEVEL = "-Onone";
			};
			name = Debug;
		};
		2E49805D2ABF104300328F83 /* Release */ = {
			isa = XCBuildConfiguration;
			buildSettings = {
				ALWAYS_SEARCH_USER_PATHS = NO;
				CLANG_ANALYZER_NONNULL = YES;
				CLANG_ANALYZER_NUMBER_OBJECT_CONVERSION = YES_AGGRESSIVE;
				CLANG_CXX_LANGUAGE_STANDARD = "gnu++20";
				CLANG_ENABLE_MODULES = YES;
				CLANG_ENABLE_OBJC_ARC = YES;
				CLANG_ENABLE_OBJC_WEAK = YES;
				CLANG_WARN_BLOCK_CAPTURE_AUTORELEASING = YES;
				CLANG_WARN_BOOL_CONVERSION = YES;
				CLANG_WARN_COMMA = YES;
				CLANG_WARN_CONSTANT_CONVERSION = YES;
				CLANG_WARN_DEPRECATED_OBJC_IMPLEMENTATIONS = YES;
				CLANG_WARN_DIRECT_OBJC_ISA_USAGE = YES_ERROR;
				CLANG_WARN_DOCUMENTATION_COMMENTS = YES;
				CLANG_WARN_EMPTY_BODY = YES;
				CLANG_WARN_ENUM_CONVERSION = YES;
				CLANG_WARN_INFINITE_RECURSION = YES;
				CLANG_WARN_INT_CONVERSION = YES;
				CLANG_WARN_NON_LITERAL_NULL_CONVERSION = YES;
				CLANG_WARN_OBJC_IMPLICIT_RETAIN_SELF = YES;
				CLANG_WARN_OBJC_LITERAL_CONVERSION = YES;
				CLANG_WARN_OBJC_ROOT_CLASS = YES_ERROR;
				CLANG_WARN_QUOTED_INCLUDE_IN_FRAMEWORK_HEADER = YES;
				CLANG_WARN_RANGE_LOOP_ANALYSIS = YES;
				CLANG_WARN_STRICT_PROTOTYPES = YES;
				CLANG_WARN_SUSPICIOUS_MOVE = YES;
				CLANG_WARN_UNGUARDED_AVAILABILITY = YES_AGGRESSIVE;
				CLANG_WARN_UNREACHABLE_CODE = YES;
				CLANG_WARN__DUPLICATE_METHOD_MATCH = YES;
				COPY_PHASE_STRIP = NO;
				DEBUG_INFORMATION_FORMAT = "dwarf-with-dsym";
				ENABLE_NS_ASSERTIONS = NO;
				ENABLE_STRICT_OBJC_MSGSEND = YES;
				GCC_C_LANGUAGE_STANDARD = gnu11;
				GCC_NO_COMMON_BLOCKS = YES;
				GCC_WARN_64_TO_32_BIT_CONVERSION = YES;
				GCC_WARN_ABOUT_RETURN_TYPE = YES_ERROR;
				GCC_WARN_UNDECLARED_SELECTOR = YES;
				GCC_WARN_UNINITIALIZED_AUTOS = YES_AGGRESSIVE;
				GCC_WARN_UNUSED_FUNCTION = YES;
				GCC_WARN_UNUSED_VARIABLE = YES;
				IPHONEOS_DEPLOYMENT_TARGET = 16.4;
				MTL_ENABLE_DEBUG_INFO = NO;
				MTL_FAST_MATH = YES;
				SDKROOT = iphoneos;
				SWIFT_COMPILATION_MODE = wholemodule;
				SWIFT_OPTIMIZATION_LEVEL = "-O";
				VALIDATE_PRODUCT = YES;
			};
			name = Release;
		};
		2E49805F2ABF104300328F83 /* Debug */ = {
			isa = XCBuildConfiguration;
			buildSettings = {
				ASSETCATALOG_COMPILER_APPICON_NAME = AppIcon;
				ASSETCATALOG_COMPILER_GLOBAL_ACCENT_COLOR_NAME = AccentColor;
				CLANG_ENABLE_OBJC_ARC = NO;
				CODE_SIGN_STYLE = Automatic;
				CURRENT_PROJECT_VERSION = 1;
				DEVELOPMENT_TEAM = Q37X3LG46V;
				"EXCLUDED_ARCHS[sdk=*]" = arm64;
				FRAMEWORK_SEARCH_PATHS = (
					"$(inherited)",
					"$(PROJECT_DIR)/BinManagement/DaumMap.embeddedframework",
				);
				GENERATE_INFOPLIST_FILE = YES;
				INFOPLIST_FILE = BinManagement/Info.plist;
				INFOPLIST_KEY_UIApplicationSupportsIndirectInputEvents = YES;
				INFOPLIST_KEY_UILaunchStoryboardName = LaunchScreen;
				INFOPLIST_KEY_UIMainStoryboardFile = "";
				INFOPLIST_KEY_UISupportedInterfaceOrientations_iPad = "UIInterfaceOrientationPortrait UIInterfaceOrientationPortraitUpsideDown UIInterfaceOrientationLandscapeLeft UIInterfaceOrientationLandscapeRight";
				INFOPLIST_KEY_UISupportedInterfaceOrientations_iPhone = "UIInterfaceOrientationPortrait UIInterfaceOrientationLandscapeLeft UIInterfaceOrientationLandscapeRight";
				LD_RUNPATH_SEARCH_PATHS = (
					"$(inherited)",
					"@executable_path/Frameworks",
				);
				MARKETING_VERSION = 1.0;
				PRODUCT_BUNDLE_IDENTIFIER = hwijin.BinManagement;
				PRODUCT_NAME = "$(TARGET_NAME)";
				SWIFT_EMIT_LOC_STRINGS = YES;
				SWIFT_OBJC_BRIDGING_HEADER = BinManagement/KaKao_Bridge_Header.h;
				SWIFT_VERSION = 5.0;
				TARGETED_DEVICE_FAMILY = "1,2";
			};
			name = Debug;
		};
		2E4980602ABF104300328F83 /* Release */ = {
			isa = XCBuildConfiguration;
			buildSettings = {
				ASSETCATALOG_COMPILER_APPICON_NAME = AppIcon;
				ASSETCATALOG_COMPILER_GLOBAL_ACCENT_COLOR_NAME = AccentColor;
				CLANG_ENABLE_OBJC_ARC = NO;
				CODE_SIGN_STYLE = Automatic;
				CURRENT_PROJECT_VERSION = 1;
				DEVELOPMENT_TEAM = Q37X3LG46V;
				EXCLUDED_ARCHS = "";
				FRAMEWORK_SEARCH_PATHS = (
					"$(inherited)",
					"$(PROJECT_DIR)/BinManagement/DaumMap.embeddedframework",
				);
				GENERATE_INFOPLIST_FILE = YES;
				INFOPLIST_FILE = BinManagement/Info.plist;
				INFOPLIST_KEY_UIApplicationSupportsIndirectInputEvents = YES;
				INFOPLIST_KEY_UILaunchStoryboardName = LaunchScreen;
				INFOPLIST_KEY_UIMainStoryboardFile = "";
				INFOPLIST_KEY_UISupportedInterfaceOrientations_iPad = "UIInterfaceOrientationPortrait UIInterfaceOrientationPortraitUpsideDown UIInterfaceOrientationLandscapeLeft UIInterfaceOrientationLandscapeRight";
				INFOPLIST_KEY_UISupportedInterfaceOrientations_iPhone = "UIInterfaceOrientationPortrait UIInterfaceOrientationLandscapeLeft UIInterfaceOrientationLandscapeRight";
				LD_RUNPATH_SEARCH_PATHS = (
					"$(inherited)",
					"@executable_path/Frameworks",
				);
				MARKETING_VERSION = 1.0;
				PRODUCT_BUNDLE_IDENTIFIER = hwijin.BinManagement;
				PRODUCT_NAME = "$(TARGET_NAME)";
				SWIFT_EMIT_LOC_STRINGS = YES;
				SWIFT_OBJC_BRIDGING_HEADER = BinManagement/KaKao_Bridge_Header.h;
				SWIFT_VERSION = 5.0;
				TARGETED_DEVICE_FAMILY = "1,2";
			};
			name = Release;
		};
/* End XCBuildConfiguration section */

/* Begin XCConfigurationList section */
		2E4980452ABF104200328F83 /* Build configuration list for PBXProject "BinManagement" */ = {
			isa = XCConfigurationList;
			buildConfigurations = (
				2E49805C2ABF104300328F83 /* Debug */,
				2E49805D2ABF104300328F83 /* Release */,
			);
			defaultConfigurationIsVisible = 0;
			defaultConfigurationName = Release;
		};
		2E49805E2ABF104300328F83 /* Build configuration list for PBXNativeTarget "BinManagement" */ = {
			isa = XCConfigurationList;
			buildConfigurations = (
				2E49805F2ABF104300328F83 /* Debug */,
				2E4980602ABF104300328F83 /* Release */,
			);
			defaultConfigurationIsVisible = 0;
			defaultConfigurationName = Release;
		};
/* End XCConfigurationList section */

/* Begin XCRemoteSwiftPackageReference section */
		2E4980B42ABF136500328F83 /* XCRemoteSwiftPackageReference "SnapKit" */ = {
			isa = XCRemoteSwiftPackageReference;
			repositoryURL = "https://github.com/SnapKit/SnapKit.git";
			requirement = {
				kind = upToNextMajorVersion;
				minimumVersion = 5.0.0;
			};
		};
		2E4980B72ABF137200328F83 /* XCRemoteSwiftPackageReference "Then" */ = {
			isa = XCRemoteSwiftPackageReference;
			repositoryURL = "https://github.com/devxoul/Then";
			requirement = {
				kind = upToNextMajorVersion;
				minimumVersion = 3.0.0;
			};
		};
		2E4980BA2ABF138000328F83 /* XCRemoteSwiftPackageReference "Kingfisher" */ = {
			isa = XCRemoteSwiftPackageReference;
			repositoryURL = "https://github.com/onevcat/Kingfisher.git";
			requirement = {
				kind = upToNextMajorVersion;
				minimumVersion = 7.0.0;
			};
		};
		2E4980BD2ABF141600328F83 /* XCRemoteSwiftPackageReference "Alamofire" */ = {
			isa = XCRemoteSwiftPackageReference;
			repositoryURL = "https://github.com/Alamofire/Alamofire";
			requirement = {
				kind = upToNextMajorVersion;
				minimumVersion = 5.0.0;
			};
		};
		2E58F2A62AFAA33C00067100 /* XCRemoteSwiftPackageReference "Charts" */ = {
			isa = XCRemoteSwiftPackageReference;
			repositoryURL = "https://github.com/danielgindi/Charts.git";
			requirement = {
				kind = upToNextMajorVersion;
				minimumVersion = 5.0.0;
			};
		};
/* End XCRemoteSwiftPackageReference section */

/* Begin XCSwiftPackageProductDependency section */
		2E4980B52ABF136500328F83 /* SnapKit */ = {
			isa = XCSwiftPackageProductDependency;
			package = 2E4980B42ABF136500328F83 /* XCRemoteSwiftPackageReference "SnapKit" */;
			productName = SnapKit;
		};
		2E4980B82ABF137200328F83 /* Then */ = {
			isa = XCSwiftPackageProductDependency;
			package = 2E4980B72ABF137200328F83 /* XCRemoteSwiftPackageReference "Then" */;
			productName = Then;
		};
		2E4980BB2ABF138000328F83 /* Kingfisher */ = {
			isa = XCSwiftPackageProductDependency;
			package = 2E4980BA2ABF138000328F83 /* XCRemoteSwiftPackageReference "Kingfisher" */;
			productName = Kingfisher;
		};
		2E4980BE2ABF141600328F83 /* Alamofire */ = {
			isa = XCSwiftPackageProductDependency;
			package = 2E4980BD2ABF141600328F83 /* XCRemoteSwiftPackageReference "Alamofire" */;
			productName = Alamofire;
		};
		2E58F2A72AFAA33C00067100 /* DGCharts */ = {
			isa = XCSwiftPackageProductDependency;
			package = 2E58F2A62AFAA33C00067100 /* XCRemoteSwiftPackageReference "Charts" */;
			productName = DGCharts;
		};
/* End XCSwiftPackageProductDependency section */
	};
	rootObject = 2E4980422ABF104200328F83 /* Project object */;
}
